
Microsoft Visual Studio Solution File, Format Version 12.00
Project("{2150E333-8FDC-42A3-9474-1A3956D46DE8}") = "src", "src", "{703BC56B-F69F-4375-8948-8FFBC5249DB6}"
EndProject
Project("{FAE04EC0-301F-11D3-BF4B-00C04F79EFBC}") = "DataAccess", "DataAccess\DataAccess.csproj", "{DB9142A8-2613-46CD-B470-221ADBEB35B2}"
EndProject
Project("{FAE04EC0-301F-11D3-BF4B-00C04F79EFBC}") = "BusinessLogic", "BusinessLogic\BusinessLogic.csproj", "{E272E07D-061D-4DD6-BA67-9DBED4E975E6}"
EndProject
Project("{2150E333-8FDC-42A3-9474-1A3956D46DE8}") = "Presentation", "Presentation", "{F0F4266E-02D3-48E4-9CFA-3460FE92B162}"
EndProject
Project("{FAE04EC0-301F-11D3-BF4B-00C04F79EFBC}") = "ConsoleApp", "ConsoleApp\ConsoleApp.csproj", "{0354B943-424A-468D-9E3E-D7F12CD04470}"
EndProject
Project("{FAE04EC0-301F-11D3-BF4B-00C04F79EFBC}") = "WebApp", "WebApp\WebApp.csproj", "{D36B9900-0DA3-4C24-BB78-94DBCB610222}"
EndProject
Global
	GlobalSection(SolutionConfigurationPlatforms) = preSolution
		Debug|Any CPU = Debug|Any CPU
		Release|Any CPU = Release|Any CPU
	EndGlobalSection
	GlobalSection(ProjectConfigurationPlatforms) = postSolution
		{DB9142A8-2613-46CD-B470-221ADBEB35B2}.Debug|Any CPU.ActiveCfg = Debug|Any CPU
		{DB9142A8-2613-46CD-B470-221ADBEB35B2}.Debug|Any CPU.Build.0 = Debug|Any CPU
		{DB9142A8-2613-46CD-B470-221ADBEB35B2}.Release|Any CPU.ActiveCfg = Release|Any CPU
		{DB9142A8-2613-46CD-B470-221ADBEB35B2}.Release|Any CPU.Build.0 = Release|Any CPU
		{E272E07D-061D-4DD6-BA67-9DBED4E975E6}.Debug|Any CPU.ActiveCfg = Debug|Any CPU
		{E272E07D-061D-4DD6-BA67-9DBED4E975E6}.Debug|Any CPU.Build.0 = Debug|Any CPU
		{E272E07D-061D-4DD6-BA67-9DBED4E975E6}.Release|Any CPU.ActiveCfg = Release|Any CPU
		{E272E07D-061D-4DD6-BA67-9DBED4E975E6}.Release|Any CPU.Build.0 = Release|Any CPU
		{0354B943-424A-468D-9E3E-D7F12CD04470}.Debug|Any CPU.ActiveCfg = Debug|Any CPU
		{0354B943-424A-468D-9E3E-D7F12CD04470}.Debug|Any CPU.Build.0 = Debug|Any CPU
		{0354B943-424A-468D-9E3E-D7F12CD04470}.Release|Any CPU.ActiveCfg = Release|Any CPU
		{0354B943-424A-468D-9E3E-D7F12CD04470}.Release|Any CPU.Build.0 = Release|Any CPU
		{D36B9900-0DA3-4C24-BB78-94DBCB610222}.Debug|Any CPU.ActiveCfg = Debug|Any CPU
		{D36B9900-0DA3-4C24-BB78-94DBCB610222}.Debug|Any CPU.Build.0 = Debug|Any CPU
		{D36B9900-0DA3-4C24-BB78-94DBCB610222}.Release|Any CPU.ActiveCfg = Release|Any CPU
		{D36B9900-0DA3-4C24-BB78-94DBCB610222}.Release|Any CPU.Build.0 = Release|Any CPU
	EndGlobalSection
	GlobalSection(NestedProjects) = preSolution
		{DB9142A8-2613-46CD-B470-221ADBEB35B2} = {703BC56B-F69F-4375-8948-8FFBC5249DB6}
		{E272E07D-061D-4DD6-BA67-9DBED4E975E6} = {703BC56B-F69F-4375-8948-8FFBC5249DB6}
		{F0F4266E-02D3-48E4-9CFA-3460FE92B162} = {703BC56B-F69F-4375-8948-8FFBC5249DB6}
		{0354B943-424A-468D-9E3E-D7F12CD04470} = {F0F4266E-02D3-48E4-9CFA-3460FE92B162}
		{D36B9900-0DA3-4C24-BB78-94DBCB610222} = {F0F4266E-02D3-48E4-9CFA-3460FE92B162}
	EndGlobalSection
EndGlobal
